
Microsoft Visual Studio Solution File, Format Version 12.00
Project("{FAE04EC0-301F-11D3-BF4B-00C04F79EFBC}") = "MonitorMarkets.Vizualizer", "MonitorMarkets.Vizualizer\MonitorMarkets.Vizualizer.csproj", "{62E2F300-76E0-422D-8D17-82E8924FF503}"
EndProject
Project("{FAE04EC0-301F-11D3-BF4B-00C04F79EFBC}") = "MonitorMarkets.Application", "MonitorMarkets.Application\MonitorMarkets.Application.csproj", "{BD6C422F-207C-49D6-9E27-D48C8C17D2FD}"
EndProject
Project("{FAE04EC0-301F-11D3-BF4B-00C04F79EFBC}") = "MonitorMarkets.Database", "MonitorMarkets.Database\MonitorMarkets.Database.csproj", "{1F1BB5AC-9EAF-49A8-92AF-7B7AA53AD125}"
EndProject
Project("{FAE04EC0-301F-11D3-BF4B-00C04F79EFBC}") = "MonitorMarkets.Databases", "MonitorMarkets.Databases\MonitorMarkets.Databases.csproj", "{FD130D6A-896F-4A09-8536-11B848492703}"
EndProject
Project("{FAE04EC0-301F-11D3-BF4B-00C04F79EFBC}") = "MonitorMarkets", "MonitorMarkets\MonitorMarkets.csproj", "{5F0728AE-685E-4774-8F39-A22A03335B67}"
EndProject
Global
	GlobalSection(SolutionConfigurationPlatforms) = preSolution
		Debug|Any CPU = Debug|Any CPU
		Release|Any CPU = Release|Any CPU
	EndGlobalSection
	GlobalSection(ProjectConfigurationPlatforms) = postSolution
		{62E2F300-76E0-422D-8D17-82E8924FF503}.Debug|Any CPU.ActiveCfg = Debug|Any CPU
		{62E2F300-76E0-422D-8D17-82E8924FF503}.Debug|Any CPU.Build.0 = Debug|Any CPU
		{62E2F300-76E0-422D-8D17-82E8924FF503}.Release|Any CPU.ActiveCfg = Release|Any CPU
		{62E2F300-76E0-422D-8D17-82E8924FF503}.Release|Any CPU.Build.0 = Release|Any CPU
		{BD6C422F-207C-49D6-9E27-D48C8C17D2FD}.Debug|Any CPU.ActiveCfg = Debug|Any CPU
		{BD6C422F-207C-49D6-9E27-D48C8C17D2FD}.Debug|Any CPU.Build.0 = Debug|Any CPU
		{BD6C422F-207C-49D6-9E27-D48C8C17D2FD}.Release|Any CPU.ActiveCfg = Release|Any CPU
		{BD6C422F-207C-49D6-9E27-D48C8C17D2FD}.Release|Any CPU.Build.0 = Release|Any CPU
		{1F1BB5AC-9EAF-49A8-92AF-7B7AA53AD125}.Debug|Any CPU.ActiveCfg = Debug|Any CPU
		{1F1BB5AC-9EAF-49A8-92AF-7B7AA53AD125}.Debug|Any CPU.Build.0 = Debug|Any CPU
		{1F1BB5AC-9EAF-49A8-92AF-7B7AA53AD125}.Release|Any CPU.ActiveCfg = Release|Any CPU
		{1F1BB5AC-9EAF-49A8-92AF-7B7AA53AD125}.Release|Any CPU.Build.0 = Release|Any CPU
		{FD130D6A-896F-4A09-8536-11B848492703}.Debug|Any CPU.ActiveCfg = Debug|Any CPU
		{FD130D6A-896F-4A09-8536-11B848492703}.Debug|Any CPU.Build.0 = Debug|Any CPU
		{FD130D6A-896F-4A09-8536-11B848492703}.Release|Any CPU.ActiveCfg = Release|Any CPU
		{FD130D6A-896F-4A09-8536-11B848492703}.Release|Any CPU.Build.0 = Release|Any CPU
		{5F0728AE-685E-4774-8F39-A22A03335B67}.Debug|Any CPU.ActiveCfg = Debug|Any CPU
		{5F0728AE-685E-4774-8F39-A22A03335B67}.Debug|Any CPU.Build.0 = Debug|Any CPU
		{5F0728AE-685E-4774-8F39-A22A03335B67}.Release|Any CPU.ActiveCfg = Release|Any CPU
		{5F0728AE-685E-4774-8F39-A22A03335B67}.Release|Any CPU.Build.0 = Release|Any CPU
	EndGlobalSection
EndGlobal
